{
  "name": "scoped-styles",
  "version": "0.5.0",
  "lockfileVersion": 2,
  "requires": true,
  "packages": {
    "": {
      "name": "scoped-styles",
      "version": "0.5.0",
      "license": "MIT",
      "dependencies": {
        "yeast": "github:jacobdejean/safeyeast"
      },
      "devDependencies": {
        "@types/yeast": "^0.1.1"
      }
    },
    "node_modules/@types/yeast": {
      "version": "0.1.1",
      "resolved": "https://registry.npmjs.org/@types/yeast/-/yeast-0.1.1.tgz",
      "integrity": "sha512-vfxScSrEdJigzw8LXpDL4aeH9gz66zndoufjHsCOsigbD2jnJF/icljdCewdKuAzRCbF48V2xSGokRNNUPzpGw==",
      "dev": true
    },
    "node_modules/yeast": {
      "version": "0.1.2",
      "resolved": "git+ssh://git@github.com/jacobdejean/safeyeast.git#bbe606d48bb420c742ecdb8fc453b61e71625b57",
      "license": "MIT"
    }
  },
  "dependencies": {
    "@types/yeast": {
      "version": "0.1.1",
      "resolved": "https://registry.npmjs.org/@types/yeast/-/yeast-0.1.1.tgz",
      "integrity": "sha512-vfxScSrEdJigzw8LXpDL4aeH9gz66zndoufjHsCOsigbD2jnJF/icljdCewdKuAzRCbF48V2xSGokRNNUPzpGw==",
      "dev": true
    },
    "yeast": {
      "version": "git+ssh://git@github.com/jacobdejean/safeyeast.git#bbe606d48bb420c742ecdb8fc453b61e71625b57",
      "from": "yeast@github:jacobdejean/safeyeast"
    }
  }
}
